
Microsoft Visual Studio Solution File, Format Version 12.00
Project("{FAE04EC0-301F-11D3-BF4B-00C04F79EFBC}") = "SQL", "SQL\SQL.csproj", "{DCDF47EF-B4D1-4E00-973C-88F3C51CCD26}"
EndProject
Project("{FAE04EC0-301F-11D3-BF4B-00C04F79EFBC}") = "ConsoleSQL", "ConsoleSQL\ConsoleSQL.csproj", "{7247808D-D3EF-4387-BA75-B14AFE1ABDEE}"
EndProject
Global
	GlobalSection(SolutionConfigurationPlatforms) = preSolution
		Debug|Any CPU = Debug|Any CPU
		Release|Any CPU = Release|Any CPU
	EndGlobalSection
	GlobalSection(ProjectConfigurationPlatforms) = postSolution
		{DCDF47EF-B4D1-4E00-973C-88F3C51CCD26}.Debug|Any CPU.ActiveCfg = Debug|Any CPU
		{DCDF47EF-B4D1-4E00-973C-88F3C51CCD26}.Debug|Any CPU.Build.0 = Debug|Any CPU
		{DCDF47EF-B4D1-4E00-973C-88F3C51CCD26}.Release|Any CPU.ActiveCfg = Release|Any CPU
		{DCDF47EF-B4D1-4E00-973C-88F3C51CCD26}.Release|Any CPU.Build.0 = Release|Any CPU
		{7247808D-D3EF-4387-BA75-B14AFE1ABDEE}.Debug|Any CPU.ActiveCfg = Debug|Any CPU
		{7247808D-D3EF-4387-BA75-B14AFE1ABDEE}.Debug|Any CPU.Build.0 = Debug|Any CPU
		{7247808D-D3EF-4387-BA75-B14AFE1ABDEE}.Release|Any CPU.ActiveCfg = Release|Any CPU
		{7247808D-D3EF-4387-BA75-B14AFE1ABDEE}.Release|Any CPU.Build.0 = Release|Any CPU
	EndGlobalSection
EndGlobal
